
Microsoft Visual Studio Solution File, Format Version 12.00
# Visual Studio Version 17
VisualStudioVersion = 17.13.35828.75
MinimumVisualStudioVersion = 10.0.40219.1
Project("{FAE04EC0-301F-11D3-BF4B-00C04F79EFBC}") = "CRUDExample", "CRUDExample\CRUDExample.csproj", "{4B62D3C0-BA12-4B17-992E-E6526A6197F9}"
EndProject
Project("{FAE04EC0-301F-11D3-BF4B-00C04F79EFBC}") = "CRUDTests", "CRUDTests\CRUDTests.csproj", "{55753070-0F58-4589-B53A-9606BCB8E9D2}"
EndProject
Project("{FAE04EC0-301F-11D3-BF4B-00C04F79EFBC}") = "Entities", "Entities\Entities.csproj", "{12CBE7A8-4FEC-4BE4-9CD7-9CE0453ECF90}"
EndProject
Project("{FAE04EC0-301F-11D3-BF4B-00C04F79EFBC}") = "ServiceContracts", "ServiceContracts\ServiceContracts.csproj", "{B083072F-6516-4B7C-A15D-4C1A683E1BC1}"
EndProject
Project("{FAE04EC0-301F-11D3-BF4B-00C04F79EFBC}") = "Services", "Services\Services.csproj", "{D810383E-DF51-43D1-B534-98B5B8195402}"
EndProject
Project("{FAE04EC0-301F-11D3-BF4B-00C04F79EFBC}") = "RepositoryContracts", "RepositoryContracts\RepositoryContracts.csproj", "{E1DBD2DB-8BDB-4319-A7D6-C9DED3ADA771}"
EndProject
Project("{FAE04EC0-301F-11D3-BF4B-00C04F79EFBC}") = "Repositories", "Repositories\Repositories.csproj", "{B7B68CCF-1E68-4F52-8CB7-5975BA8C968E}"
EndProject
Project("{FAE04EC0-301F-11D3-BF4B-00C04F79EFBC}") = "Exceptions", "Exceptions\Exceptions.csproj", "{847A848C-879A-40F6-BCD1-EB5D8E19833F}"
EndProject
Global
	GlobalSection(SolutionConfigurationPlatforms) = preSolution
		Debug|Any CPU = Debug|Any CPU
		Release|Any CPU = Release|Any CPU
	EndGlobalSection
	GlobalSection(ProjectConfigurationPlatforms) = postSolution
		{4B62D3C0-BA12-4B17-992E-E6526A6197F9}.Debug|Any CPU.ActiveCfg = Debug|Any CPU
		{4B62D3C0-BA12-4B17-992E-E6526A6197F9}.Debug|Any CPU.Build.0 = Debug|Any CPU
		{4B62D3C0-BA12-4B17-992E-E6526A6197F9}.Release|Any CPU.ActiveCfg = Release|Any CPU
		{4B62D3C0-BA12-4B17-992E-E6526A6197F9}.Release|Any CPU.Build.0 = Release|Any CPU
		{55753070-0F58-4589-B53A-9606BCB8E9D2}.Debug|Any CPU.ActiveCfg = Debug|Any CPU
		{55753070-0F58-4589-B53A-9606BCB8E9D2}.Debug|Any CPU.Build.0 = Debug|Any CPU
		{55753070-0F58-4589-B53A-9606BCB8E9D2}.Release|Any CPU.ActiveCfg = Release|Any CPU
		{55753070-0F58-4589-B53A-9606BCB8E9D2}.Release|Any CPU.Build.0 = Release|Any CPU
		{12CBE7A8-4FEC-4BE4-9CD7-9CE0453ECF90}.Debug|Any CPU.ActiveCfg = Debug|Any CPU
		{12CBE7A8-4FEC-4BE4-9CD7-9CE0453ECF90}.Debug|Any CPU.Build.0 = Debug|Any CPU
		{12CBE7A8-4FEC-4BE4-9CD7-9CE0453ECF90}.Release|Any CPU.ActiveCfg = Release|Any CPU
		{12CBE7A8-4FEC-4BE4-9CD7-9CE0453ECF90}.Release|Any CPU.Build.0 = Release|Any CPU
		{B083072F-6516-4B7C-A15D-4C1A683E1BC1}.Debug|Any CPU.ActiveCfg = Debug|Any CPU
		{B083072F-6516-4B7C-A15D-4C1A683E1BC1}.Debug|Any CPU.Build.0 = Debug|Any CPU
		{B083072F-6516-4B7C-A15D-4C1A683E1BC1}.Release|Any CPU.ActiveCfg = Release|Any CPU
		{B083072F-6516-4B7C-A15D-4C1A683E1BC1}.Release|Any CPU.Build.0 = Release|Any CPU
		{D810383E-DF51-43D1-B534-98B5B8195402}.Debug|Any CPU.ActiveCfg = Debug|Any CPU
		{D810383E-DF51-43D1-B534-98B5B8195402}.Debug|Any CPU.Build.0 = Debug|Any CPU
		{D810383E-DF51-43D1-B534-98B5B8195402}.Release|Any CPU.ActiveCfg = Release|Any CPU
		{D810383E-DF51-43D1-B534-98B5B8195402}.Release|Any CPU.Build.0 = Release|Any CPU
		{E1DBD2DB-8BDB-4319-A7D6-C9DED3ADA771}.Debug|Any CPU.ActiveCfg = Debug|Any CPU
		{E1DBD2DB-8BDB-4319-A7D6-C9DED3ADA771}.Debug|Any CPU.Build.0 = Debug|Any CPU
		{E1DBD2DB-8BDB-4319-A7D6-C9DED3ADA771}.Release|Any CPU.ActiveCfg = Release|Any CPU
		{E1DBD2DB-8BDB-4319-A7D6-C9DED3ADA771}.Release|Any CPU.Build.0 = Release|Any CPU
		{B7B68CCF-1E68-4F52-8CB7-5975BA8C968E}.Debug|Any CPU.ActiveCfg = Debug|Any CPU
		{B7B68CCF-1E68-4F52-8CB7-5975BA8C968E}.Debug|Any CPU.Build.0 = Debug|Any CPU
		{B7B68CCF-1E68-4F52-8CB7-5975BA8C968E}.Release|Any CPU.ActiveCfg = Release|Any CPU
		{B7B68CCF-1E68-4F52-8CB7-5975BA8C968E}.Release|Any CPU.Build.0 = Release|Any CPU
		{847A848C-879A-40F6-BCD1-EB5D8E19833F}.Debug|Any CPU.ActiveCfg = Debug|Any CPU
		{847A848C-879A-40F6-BCD1-EB5D8E19833F}.Debug|Any CPU.Build.0 = Debug|Any CPU
		{847A848C-879A-40F6-BCD1-EB5D8E19833F}.Release|Any CPU.ActiveCfg = Release|Any CPU
		{847A848C-879A-40F6-BCD1-EB5D8E19833F}.Release|Any CPU.Build.0 = Release|Any CPU
	EndGlobalSection
	GlobalSection(SolutionProperties) = preSolution
		HideSolutionNode = FALSE
	EndGlobalSection
	GlobalSection(ExtensibilityGlobals) = postSolution
		SolutionGuid = {660E0408-DA2D-4443-8066-887D6518D87C}
	EndGlobalSection
EndGlobal
